
Microsoft Visual Studio Solution File, Format Version 12.00
# Visual Studio Version 16
VisualStudioVersion = 16.0.29102.190
MinimumVisualStudioVersion = 10.0.40219.1
Project("{FAE04EC0-301F-11D3-BF4B-00C04F79EFBC}") = "Lab8Classmates", "Lab8Classmates\Lab8Classmates.csproj", "{53434C91-ACA6-4B45-B577-9E0070139EAE}"
EndProject
Global
	GlobalSection(SolutionConfigurationPlatforms) = preSolution
		Debug|Any CPU = Debug|Any CPU
		Release|Any CPU = Release|Any CPU
	EndGlobalSection
	GlobalSection(ProjectConfigurationPlatforms) = postSolution
		{53434C91-ACA6-4B45-B577-9E0070139EAE}.Debug|Any CPU.ActiveCfg = Debug|Any CPU
		{53434C91-ACA6-4B45-B577-9E0070139EAE}.Debug|Any CPU.Build.0 = Debug|Any CPU
		{53434C91-ACA6-4B45-B577-9E0070139EAE}.Release|Any CPU.ActiveCfg = Release|Any CPU
		{53434C91-ACA6-4B45-B577-9E0070139EAE}.Release|Any CPU.Build.0 = Release|Any CPU
	EndGlobalSection
	GlobalSection(SolutionProperties) = preSolution
		HideSolutionNode = FALSE
	EndGlobalSection
	GlobalSection(ExtensibilityGlobals) = postSolution
		SolutionGuid = {10AEC09B-EA71-474B-9C4B-27BFAB36D89F}
	EndGlobalSection
EndGlobal
